
Microsoft Visual Studio Solution File, Format Version 12.00
Project("{FAE04EC0-301F-11D3-BF4B-00C04F79EFBC}") = "Day_1", "Day_1\Day_1.csproj", "{CA2B752C-401D-446D-85C8-8D252D3BD77C}"
EndProject
Project("{FAE04EC0-301F-11D3-BF4B-00C04F79EFBC}") = "Day_2", "Day_2\Day_2.csproj", "{FF4921FB-2E90-46EB-A58B-53F08831E9E6}"
EndProject
Project("{FAE04EC0-301F-11D3-BF4B-00C04F79EFBC}") = "Day_3", "Day_3\Day_3.csproj", "{DE714AEA-9F99-459D-9759-44BDFD1A8393}"
EndProject
Project("{FAE04EC0-301F-11D3-BF4B-00C04F79EFBC}") = "Day_4", "Day_4\Day_4.csproj", "{0DB829D1-A196-4052-9526-080566E9604F}"
EndProject
Project("{FAE04EC0-301F-11D3-BF4B-00C04F79EFBC}") = "Day_5", "Day_5\Day_5.csproj", "{296F4819-4B81-4D84-BCA1-21CA6F68B799}"
EndProject
Project("{FAE04EC0-301F-11D3-BF4B-00C04F79EFBC}") = "Day_6", "Day_6\Day_6.csproj", "{E1676A07-234F-4810-AFBF-11551DF99010}"
EndProject
Project("{FAE04EC0-301F-11D3-BF4B-00C04F79EFBC}") = "Day_11", "Day_11\Day_11.csproj", "{84B0E112-4ACE-42E3-937C-B7A1021AFCC1}"
EndProject
Project("{FAE04EC0-301F-11D3-BF4B-00C04F79EFBC}") = "Day_12", "Day_12\Day_12.csproj", "{4EFDCC0C-42D9-45BE-B90A-179595B577E3}"
EndProject
Project("{FAE04EC0-301F-11D3-BF4B-00C04F79EFBC}") = "Day_7", "Day_7\Day_7.csproj", "{D198E2E8-45CD-4EA4-A790-8D509E0A098C}"
EndProject
Global
	GlobalSection(SolutionConfigurationPlatforms) = preSolution
		Debug|Any CPU = Debug|Any CPU
		Release|Any CPU = Release|Any CPU
	EndGlobalSection
	GlobalSection(ProjectConfigurationPlatforms) = postSolution
		{CA2B752C-401D-446D-85C8-8D252D3BD77C}.Debug|Any CPU.ActiveCfg = Debug|Any CPU
		{CA2B752C-401D-446D-85C8-8D252D3BD77C}.Debug|Any CPU.Build.0 = Debug|Any CPU
		{CA2B752C-401D-446D-85C8-8D252D3BD77C}.Release|Any CPU.ActiveCfg = Release|Any CPU
		{CA2B752C-401D-446D-85C8-8D252D3BD77C}.Release|Any CPU.Build.0 = Release|Any CPU
		{FF4921FB-2E90-46EB-A58B-53F08831E9E6}.Debug|Any CPU.ActiveCfg = Debug|Any CPU
		{FF4921FB-2E90-46EB-A58B-53F08831E9E6}.Debug|Any CPU.Build.0 = Debug|Any CPU
		{FF4921FB-2E90-46EB-A58B-53F08831E9E6}.Release|Any CPU.ActiveCfg = Release|Any CPU
		{FF4921FB-2E90-46EB-A58B-53F08831E9E6}.Release|Any CPU.Build.0 = Release|Any CPU
		{DE714AEA-9F99-459D-9759-44BDFD1A8393}.Debug|Any CPU.ActiveCfg = Debug|Any CPU
		{DE714AEA-9F99-459D-9759-44BDFD1A8393}.Debug|Any CPU.Build.0 = Debug|Any CPU
		{DE714AEA-9F99-459D-9759-44BDFD1A8393}.Release|Any CPU.ActiveCfg = Release|Any CPU
		{DE714AEA-9F99-459D-9759-44BDFD1A8393}.Release|Any CPU.Build.0 = Release|Any CPU
		{0DB829D1-A196-4052-9526-080566E9604F}.Debug|Any CPU.ActiveCfg = Debug|Any CPU
		{0DB829D1-A196-4052-9526-080566E9604F}.Debug|Any CPU.Build.0 = Debug|Any CPU
		{0DB829D1-A196-4052-9526-080566E9604F}.Release|Any CPU.ActiveCfg = Release|Any CPU
		{0DB829D1-A196-4052-9526-080566E9604F}.Release|Any CPU.Build.0 = Release|Any CPU
		{296F4819-4B81-4D84-BCA1-21CA6F68B799}.Debug|Any CPU.ActiveCfg = Debug|Any CPU
		{296F4819-4B81-4D84-BCA1-21CA6F68B799}.Debug|Any CPU.Build.0 = Debug|Any CPU
		{296F4819-4B81-4D84-BCA1-21CA6F68B799}.Release|Any CPU.ActiveCfg = Release|Any CPU
		{296F4819-4B81-4D84-BCA1-21CA6F68B799}.Release|Any CPU.Build.0 = Release|Any CPU
		{E1676A07-234F-4810-AFBF-11551DF99010}.Debug|Any CPU.ActiveCfg = Debug|Any CPU
		{E1676A07-234F-4810-AFBF-11551DF99010}.Debug|Any CPU.Build.0 = Debug|Any CPU
		{E1676A07-234F-4810-AFBF-11551DF99010}.Release|Any CPU.ActiveCfg = Release|Any CPU
		{E1676A07-234F-4810-AFBF-11551DF99010}.Release|Any CPU.Build.0 = Release|Any CPU
		{84B0E112-4ACE-42E3-937C-B7A1021AFCC1}.Debug|Any CPU.ActiveCfg = Debug|Any CPU
		{84B0E112-4ACE-42E3-937C-B7A1021AFCC1}.Debug|Any CPU.Build.0 = Debug|Any CPU
		{84B0E112-4ACE-42E3-937C-B7A1021AFCC1}.Release|Any CPU.ActiveCfg = Release|Any CPU
		{84B0E112-4ACE-42E3-937C-B7A1021AFCC1}.Release|Any CPU.Build.0 = Release|Any CPU
		{4EFDCC0C-42D9-45BE-B90A-179595B577E3}.Debug|Any CPU.ActiveCfg = Debug|Any CPU
		{4EFDCC0C-42D9-45BE-B90A-179595B577E3}.Debug|Any CPU.Build.0 = Debug|Any CPU
		{4EFDCC0C-42D9-45BE-B90A-179595B577E3}.Release|Any CPU.ActiveCfg = Release|Any CPU
		{4EFDCC0C-42D9-45BE-B90A-179595B577E3}.Release|Any CPU.Build.0 = Release|Any CPU
		{D198E2E8-45CD-4EA4-A790-8D509E0A098C}.Debug|Any CPU.ActiveCfg = Debug|Any CPU
		{D198E2E8-45CD-4EA4-A790-8D509E0A098C}.Debug|Any CPU.Build.0 = Debug|Any CPU
		{D198E2E8-45CD-4EA4-A790-8D509E0A098C}.Release|Any CPU.ActiveCfg = Release|Any CPU
		{D198E2E8-45CD-4EA4-A790-8D509E0A098C}.Release|Any CPU.Build.0 = Release|Any CPU
	EndGlobalSection
EndGlobal
